{
  "lockfileVersion": 1,
  "configVersion": 1,
  "workspaces": {
    "": {
      "name": "hestia",
      "dependencies": {
        "yaml": "^2.6.0",
      },
      "devDependencies": {
        "@types/bun": "latest",
        "typescript": "^5.9.0",
      },
    },
    "packages/cli": {
      "name": "@hestia/cli",
      "version": "0.0.0",
      "bin": {
        "hestia": "./src/index.ts",
      },
      "dependencies": {
        "@hestia/core": "workspace:*",
        "@hestia/engine": "workspace:*",
      },
    },
    "packages/core": {
      "name": "@hestia/core",
      "version": "0.0.0",
    },
    "packages/engine": {
      "name": "@hestia/engine",
      "version": "0.0.0",
      "dependencies": {
        "@hestia/core": "workspace:*",
        "@hunk/session-broker": "workspace:*",
        "@hunk/session-broker-bun": "workspace:*",
        "@hunk/session-broker-core": "workspace:*",
        "yaml": "^2.6.0",
      },
    },
    "packages/session-broker": {
      "name": "@hunk/session-broker",
      "version": "0.0.0",
      "dependencies": {
        "@hunk/session-broker-core": "workspace:*",
      },
    },
    "packages/session-broker-bun": {
      "name": "@hunk/session-broker-bun",
      "version": "0.0.0",
      "dependencies": {
        "@hunk/session-broker": "workspace:*",
        "@hunk/session-broker-core": "workspace:*",
      },
    },
    "packages/session-broker-core": {
      "name": "@hunk/session-broker-core",
      "version": "0.0.0",
    },
  },
  "packages": {
    "@hestia/cli": ["@hestia/cli@workspace:packages/cli"],

    "@hestia/core": ["@hestia/core@workspace:packages/core"],

    "@hestia/engine": ["@hestia/engine@workspace:packages/engine"],

    "@hunk/session-broker": ["@hunk/session-broker@workspace:packages/session-broker"],

    "@hunk/session-broker-bun": ["@hunk/session-broker-bun@workspace:packages/session-broker-bun"],

    "@hunk/session-broker-core": ["@hunk/session-broker-core@workspace:packages/session-broker-core"],

    "@types/bun": ["@types/bun@1.3.14", "", { "dependencies": { "bun-types": "1.3.14" } }, "sha512-h1hFqFVcvAvD9j9K7ZW7vd82aSA+rTdznZa+5bwvCwqSB1jmmfLcbIWhOLx1/+boy/xmjgCs/OMUL8hRJSmnPw=="],

    "@types/node": ["@types/node@26.1.1", "", { "dependencies": { "undici-types": "~8.3.0" } }, "sha512-nxAkRSVkN1Y0JC1W8ky/fTfkGsMmcrRsbx+3XoZE+rMOX71kLYTV7fLXpqud1GpbpP5TuffXFqfX7fH2GgZREw=="],

    "bun-types": ["bun-types@1.3.14", "", { "dependencies": { "@types/node": "*" } }, "sha512-4N0ig0fEomHt5R0KCFWjovxow98rIoRwKolrYdCcknNwMekCXRnWEUvgu5soYV8QXtVsrUD8B95MBOZGPvr6KQ=="],

    "typescript": ["typescript@5.9.3", "", { "bin": { "tsc": "bin/tsc", "tsserver": "bin/tsserver" } }, "sha512-jl1vZzPDinLr9eUt3J/t7V6FgNEw9QjvBPdysz9KfQDD41fQrC2Y4vKQdiaUpFT4bXlb1RHhLpp8wtm6M5TgSw=="],

    "undici-types": ["undici-types@8.3.0", "", {}, "sha512-j375ScV60dom+YkPFIfTLcOiPxkN/buHz5GobjLhixFuANaNs3C9l4GmrWqejgXWJ7BbJcFYpTEUkS1Ge8bpZQ=="],

    "yaml": ["yaml@2.9.0", "", { "bin": { "yaml": "bin.mjs" } }, "sha512-2AvhNX3mb8zd6Zy7INTtSpl1F15HW6Wnqj0srWlkKLcpYl/gMIMJiyuGq2KeI2YFxUPjdlB+3Lc10seMLtL4cA=="],
  }
}
